
Microsoft Visual Studio Solution File, Format Version 12.00
# Visual Studio Version 17
VisualStudioVersion = 17.6.33723.286
MinimumVisualStudioVersion = 10.0.40219.1
Project("{FAE04EC0-301F-11D3-BF4B-00C04F79EFBC}") = "PasswordLibrary", "PasswordLibrary\PasswordLibrary.csproj", "{B4ED4D21-5908-499E-8E3B-10560A1F61AD}"
EndProject
Project("{FAE04EC0-301F-11D3-BF4B-00C04F79EFBC}") = "UserRegistrationTests", "PasswordStrengthCheker\UserRegistrationTests.csproj", "{8D971553-B009-4C6D-BDC3-A2511CF32595}"
EndProject
Project("{FAE04EC0-301F-11D3-BF4B-00C04F79EFBC}") = "PasswordLibraryTests", "PasswordLibraryTests\PasswordLibraryTests.csproj", "{40E9249A-9768-4597-9648-24EB0B964354}"
EndProject
Global
	GlobalSection(SolutionConfigurationPlatforms) = preSolution
		Debug|Any CPU = Debug|Any CPU
		Release|Any CPU = Release|Any CPU
	EndGlobalSection
	GlobalSection(ProjectConfigurationPlatforms) = postSolution
		{B4ED4D21-5908-499E-8E3B-10560A1F61AD}.Debug|Any CPU.ActiveCfg = Debug|Any CPU
		{B4ED4D21-5908-499E-8E3B-10560A1F61AD}.Debug|Any CPU.Build.0 = Debug|Any CPU
		{B4ED4D21-5908-499E-8E3B-10560A1F61AD}.Release|Any CPU.ActiveCfg = Release|Any CPU
		{B4ED4D21-5908-499E-8E3B-10560A1F61AD}.Release|Any CPU.Build.0 = Release|Any CPU
		{8D971553-B009-4C6D-BDC3-A2511CF32595}.Debug|Any CPU.ActiveCfg = Debug|Any CPU
		{8D971553-B009-4C6D-BDC3-A2511CF32595}.Debug|Any CPU.Build.0 = Debug|Any CPU
		{8D971553-B009-4C6D-BDC3-A2511CF32595}.Release|Any CPU.ActiveCfg = Release|Any CPU
		{8D971553-B009-4C6D-BDC3-A2511CF32595}.Release|Any CPU.Build.0 = Release|Any CPU
		{40E9249A-9768-4597-9648-24EB0B964354}.Debug|Any CPU.ActiveCfg = Debug|Any CPU
		{40E9249A-9768-4597-9648-24EB0B964354}.Debug|Any CPU.Build.0 = Debug|Any CPU
		{40E9249A-9768-4597-9648-24EB0B964354}.Release|Any CPU.ActiveCfg = Release|Any CPU
		{40E9249A-9768-4597-9648-24EB0B964354}.Release|Any CPU.Build.0 = Release|Any CPU
	EndGlobalSection
	GlobalSection(SolutionProperties) = preSolution
		HideSolutionNode = FALSE
	EndGlobalSection
	GlobalSection(ExtensibilityGlobals) = postSolution
		SolutionGuid = {75EFEEAA-04F3-4ED9-A034-05C23E9AA750}
	EndGlobalSection
EndGlobal
